// !$*UTF8*$!
{
	archiveVersion = 1;
	classes = {
	};
	objectVersion = 46;
	objects = {

/* Begin PBXBuildFile section */
		991C7E5B19663631002FEFC0 /* Foundation.framework in Frameworks */ = {isa = PBXBuildFile; fileRef = 991C7E5A19663631002FEFC0 /* Foundation.framework */; };
		991C7E5D19663631002FEFC0 /* CoreGraphics.framework in Frameworks */ = {isa = PBXBuildFile; fileRef = 991C7E5C19663631002FEFC0 /* CoreGraphics.framework */; };
		991C7E5F19663631002FEFC0 /* UIKit.framework in Frameworks */ = {isa = PBXBuildFile; fileRef = 991C7E5E19663631002FEFC0 /* UIKit.framework */; };
		991C7E6519663631002FEFC0 /* InfoPlist.strings in Resources */ = {isa = PBXBuildFile; fileRef = 991C7E6319663631002FEFC0 /* InfoPlist.strings */; };
		991C7E6719663631002FEFC0 /* main.m in Sources */ = {isa = PBXBuildFile; fileRef = 991C7E6619663631002FEFC0 /* main.m */; };
		991C7E6B19663631002FEFC0 /* ABFAppDelegate.m in Sources */ = {isa = PBXBuildFile; fileRef = 991C7E6A19663631002FEFC0 /* ABFAppDelegate.m */; };
		991C7E6E19663631002FEFC0 /* Main_iPhone.storyboard in Resources */ = {isa = PBXBuildFile; fileRef = 991C7E6C19663631002FEFC0 /* Main_iPhone.storyboard */; };
		991C7E7119663631002FEFC0 /* Main_iPad.storyboard in Resources */ = {isa = PBXBuildFile; fileRef = 991C7E6F19663631002FEFC0 /* Main_iPad.storyboard */; };
		991C7E7419663631002FEFC0 /* ABFViewController.m in Sources */ = {isa = PBXBuildFile; fileRef = 991C7E7319663631002FEFC0 /* ABFViewController.m */; };
		991C7E7619663631002FEFC0 /* Images.xcassets in Resources */ = {isa = PBXBuildFile; fileRef = 991C7E7519663631002FEFC0 /* Images.xcassets */; };
		991C7E7D19663631002FEFC0 /* XCTest.framework in Frameworks */ = {isa = PBXBuildFile; fileRef = 991C7E7C19663631002FEFC0 /* XCTest.framework */; };
		991C7E7E19663631002FEFC0 /* Foundation.framework in Frameworks */ = {isa = PBXBuildFile; fileRef = 991C7E5A19663631002FEFC0 /* Foundation.framework */; };
		991C7E7F19663631002FEFC0 /* UIKit.framework in Frameworks */ = {isa = PBXBuildFile; fileRef = 991C7E5E19663631002FEFC0 /* UIKit.framework */; };
		991C7E8719663631002FEFC0 /* InfoPlist.strings in Resources */ = {isa = PBXBuildFile; fileRef = 991C7E8519663631002FEFC0 /* InfoPlist.strings */; };
		991C7E8919663631002FEFC0 /* ABFAccuracyTestAppTests.m in Sources */ = {isa = PBXBuildFile; fileRef = 991C7E8819663631002FEFC0 /* ABFAccuracyTestAppTests.m */; };
		991C7E941966367D002FEFC0 /* BeaconDetectionView.m in Sources */ = {isa = PBXBuildFile; fileRef = 991C7E931966367D002FEFC0 /* BeaconDetectionView.m */; };
		991C7E9F1966375A002FEFC0 /* ABFBeacon.m in Sources */ = {isa = PBXBuildFile; fileRef = 991C7E9A1966375A002FEFC0 /* ABFBeacon.m */; };
		991C7EA01966375A002FEFC0 /* ABFBeaconRegion.m in Sources */ = {isa = PBXBuildFile; fileRef = 991C7E9C1966375A002FEFC0 /* ABFBeaconRegion.m */; };
		991C7EA11966375A002FEFC0 /* LICENSE.txt in Resources */ = {isa = PBXBuildFile; fileRef = 991C7E9D1966375A002FEFC0 /* LICENSE.txt */; };
		991C7EA21966375A002FEFC0 /* README.md in Resources */ = {isa = PBXBuildFile; fileRef = 991C7E9E1966375A002FEFC0 /* README.md */; };
/* End PBXBuildFile section */

/* Begin PBXContainerItemProxy section */
		991C7E8019663631002FEFC0 /* PBXContainerItemProxy */ = {
			isa = PBXContainerItemProxy;
			containerPortal = 991C7E4F19663631002FEFC0 /* Project object */;
			proxyType = 1;
			remoteGlobalIDString = 991C7E5619663631002FEFC0;
			remoteInfo = ABFAccuracyTestApp;
		};
/* End PBXContainerItemProxy section */

/* Begin PBXFileReference section */
		991C7E5719663631002FEFC0 /* ABFAccuracyTestApp.app */ = {isa = PBXFileReference; explicitFileType = wrapper.application; includeInIndex = 0; path = ABFAccuracyTestApp.app; sourceTree = BUILT_PRODUCTS_DIR; };
		991C7E5A19663631002FEFC0 /* Foundation.framework */ = {isa = PBXFileReference; lastKnownFileType = wrapper.framework; name = Foundation.framework; path = System/Library/Frameworks/Foundation.framework; sourceTree = SDKROOT; };
		991C7E5C19663631002FEFC0 /* CoreGraphics.framework */ = {isa = PBXFileReference; lastKnownFileType = wrapper.framework; name = CoreGraphics.framework; path = System/Library/Frameworks/CoreGraphics.framework; sourceTree = SDKROOT; };
		991C7E5E19663631002FEFC0 /* UIKit.framework */ = {isa = PBXFileReference; lastKnownFileType = wrapper.framework; name = UIKit.framework; path = System/Library/Frameworks/UIKit.framework; sourceTree = SDKROOT; };
		991C7E6219663631002FEFC0 /* ABFAccuracyTestApp-Info.plist */ = {isa = PBXFileReference; lastKnownFileType = text.plist.xml; path = "ABFAccuracyTestApp-Info.plist"; sourceTree = "<group>"; };
		991C7E6419663631002FEFC0 /* en */ = {isa = PBXFileReference; lastKnownFileType = text.plist.strings; name = en; path = en.lproj/InfoPlist.strings; sourceTree = "<group>"; };
		991C7E6619663631002FEFC0 /* main.m */ = {isa = PBXFileReference; lastKnownFileType = sourcecode.c.objc; path = main.m; sourceTree = "<group>"; };
		991C7E6819663631002FEFC0 /* ABFAccuracyTestApp-Prefix.pch */ = {isa = PBXFileReference; lastKnownFileType = sourcecode.c.h; path = "ABFAccuracyTestApp-Prefix.pch"; sourceTree = "<group>"; };
		991C7E6919663631002FEFC0 /* ABFAppDelegate.h */ = {isa = PBXFileReference; lastKnownFileType = sourcecode.c.h; path = ABFAppDelegate.h; sourceTree = "<group>"; };
		991C7E6A19663631002FEFC0 /* ABFAppDelegate.m */ = {isa = PBXFileReference; lastKnownFileType = sourcecode.c.objc; path = ABFAppDelegate.m; sourceTree = "<group>"; };
		991C7E6D19663631002FEFC0 /* Base */ = {isa = PBXFileReference; lastKnownFileType = file.storyboard; name = Base; path = Base.lproj/Main_iPhone.storyboard; sourceTree = "<group>"; };
		991C7E7019663631002FEFC0 /* Base */ = {isa = PBXFileReference; lastKnownFileType = file.storyboard; name = Base; path = Base.lproj/Main_iPad.storyboard; sourceTree = "<group>"; };
		991C7E7219663631002FEFC0 /* ABFViewController.h */ = {isa = PBXFileReference; lastKnownFileType = sourcecode.c.h; path = ABFViewController.h; sourceTree = "<group>"; };
		991C7E7319663631002FEFC0 /* ABFViewController.m */ = {isa = PBXFileReference; lastKnownFileType = sourcecode.c.objc; path = ABFViewController.m; sourceTree = "<group>"; };
		991C7E7519663631002FEFC0 /* Images.xcassets */ = {isa = PBXFileReference; lastKnownFileType = folder.assetcatalog; path = Images.xcassets; sourceTree = "<group>"; };
		991C7E7B19663631002FEFC0 /* ABFAccuracyTestAppTests.xctest */ = {isa = PBXFileReference; explicitFileType = wrapper.cfbundle; includeInIndex = 0; path = ABFAccuracyTestAppTests.xctest; sourceTree = BUILT_PRODUCTS_DIR; };
		991C7E7C19663631002FEFC0 /* XCTest.framework */ = {isa = PBXFileReference; lastKnownFileType = wrapper.framework; name = XCTest.framework; path = Library/Frameworks/XCTest.framework; sourceTree = DEVELOPER_DIR; };
		991C7E8419663631002FEFC0 /* ABFAccuracyTestAppTests-Info.plist */ = {isa = PBXFileReference; lastKnownFileType = text.plist.xml; path = "ABFAccuracyTestAppTests-Info.plist"; sourceTree = "<group>"; };
		991C7E8619663631002FEFC0 /* en */ = {isa = PBXFileReference; lastKnownFileType = text.plist.strings; name = en; path = en.lproj/InfoPlist.strings; sourceTree = "<group>"; };
		991C7E8819663631002FEFC0 /* ABFAccuracyTestAppTests.m */ = {isa = PBXFileReference; lastKnownFileType = sourcecode.c.objc; path = ABFAccuracyTestAppTests.m; sourceTree = "<group>"; };
		991C7E921966367D002FEFC0 /* BeaconDetectionView.h */ = {isa = PBXFileReference; fileEncoding = 4; lastKnownFileType = sourcecode.c.h; path = BeaconDetectionView.h; sourceTree = "<group>"; };
		991C7E931966367D002FEFC0 /* BeaconDetectionView.m */ = {isa = PBXFileReference; fileEncoding = 4; lastKnownFileType = sourcecode.c.objc; path = BeaconDetectionView.m; sourceTree = "<group>"; };
		991C7E991966375A002FEFC0 /* ABFBeacon.h */ = {isa = PBXFileReference; fileEncoding = 4; lastKnownFileType = sourcecode.c.h; path = ABFBeacon.h; sourceTree = "<group>"; };
		991C7E9A1966375A002FEFC0 /* ABFBeacon.m */ = {isa = PBXFileReference; fileEncoding = 4; lastKnownFileType = sourcecode.c.objc; path = ABFBeacon.m; sourceTree = "<group>"; };
		991C7E9B1966375A002FEFC0 /* ABFBeaconRegion.h */ = {isa = PBXFileReference; fileEncoding = 4; lastKnownFileType = sourcecode.c.h; path = ABFBeaconRegion.h; sourceTree = "<group>"; };
		991C7E9C1966375A002FEFC0 /* ABFBeaconRegion.m */ = {isa = PBXFileReference; fileEncoding = 4; lastKnownFileType = sourcecode.c.objc; path = ABFBeaconRegion.m; sourceTree = "<group>"; };
		991C7E9D1966375A002FEFC0 /* LICENSE.txt */ = {isa = PBXFileReference; fileEncoding = 4; lastKnownFileType = text; path = LICENSE.txt; sourceTree = "<group>"; };
		991C7E9E1966375A002FEFC0 /* README.md */ = {isa = PBXFileReference; fileEncoding = 4; lastKnownFileType = text; path = README.md; sourceTree = "<group>"; };
/* End PBXFileReference section */

/* Begin PBXFrameworksBuildPhase section */
		991C7E5419663631002FEFC0 /* Frameworks */ = {
			isa = PBXFrameworksBuildPhase;
			buildActionMask = 2147483647;
			files = (
				991C7E5D19663631002FEFC0 /* CoreGraphics.framework in Frameworks */,
				991C7E5F19663631002FEFC0 /* UIKit.framework in Frameworks */,
				991C7E5B19663631002FEFC0 /* Foundation.framework in Frameworks */,
			);
			runOnlyForDeploymentPostprocessing = 0;
		};
		991C7E7819663631002FEFC0 /* Frameworks */ = {
			isa = PBXFrameworksBuildPhase;
			buildActionMask = 2147483647;
			files = (
				991C7E7D19663631002FEFC0 /* XCTest.framework in Frameworks */,
				991C7E7F19663631002FEFC0 /* UIKit.framework in Frameworks */,
				991C7E7E19663631002FEFC0 /* Foundation.framework in Frameworks */,
			);
			runOnlyForDeploymentPostprocessing = 0;
		};
/* End PBXFrameworksBuildPhase section */

/* Begin PBXGroup section */
		991C7E4E19663631002FEFC0 = {
			isa = PBXGroup;
			children = (
				991C7E951966375A002FEFC0 /* lib */,
				991C7E6019663631002FEFC0 /* ABFAccuracyTestApp */,
				991C7E8219663631002FEFC0 /* ABFAccuracyTestAppTests */,
				991C7E5919663631002FEFC0 /* Frameworks */,
				991C7E5819663631002FEFC0 /* Products */,
			);
			sourceTree = "<group>";
		};
		991C7E5819663631002FEFC0 /* Products */ = {
			isa = PBXGroup;
			children = (
				991C7E5719663631002FEFC0 /* ABFAccuracyTestApp.app */,
				991C7E7B19663631002FEFC0 /* ABFAccuracyTestAppTests.xctest */,
			);
			name = Products;
			sourceTree = "<group>";
		};
		991C7E5919663631002FEFC0 /* Frameworks */ = {
			isa = PBXGroup;
			children = (
				991C7E5A19663631002FEFC0 /* Foundation.framework */,
				991C7E5C19663631002FEFC0 /* CoreGraphics.framework */,
				991C7E5E19663631002FEFC0 /* UIKit.framework */,
				991C7E7C19663631002FEFC0 /* XCTest.framework */,
			);
			name = Frameworks;
			sourceTree = "<group>";
		};
		991C7E6019663631002FEFC0 /* ABFAccuracyTestApp */ = {
			isa = PBXGroup;
			children = (
				991C7E921966367D002FEFC0 /* BeaconDetectionView.h */,
				991C7E931966367D002FEFC0 /* BeaconDetectionView.m */,
				991C7E6919663631002FEFC0 /* ABFAppDelegate.h */,
				991C7E6A19663631002FEFC0 /* ABFAppDelegate.m */,
				991C7E6C19663631002FEFC0 /* Main_iPhone.storyboard */,
				991C7E6F19663631002FEFC0 /* Main_iPad.storyboard */,
				991C7E7219663631002FEFC0 /* ABFViewController.h */,
				991C7E7319663631002FEFC0 /* ABFViewController.m */,
				991C7E7519663631002FEFC0 /* Images.xcassets */,
				991C7E6119663631002FEFC0 /* Supporting Files */,
			);
			path = ABFAccuracyTestApp;
			sourceTree = "<group>";
		};
		991C7E6119663631002FEFC0 /* Supporting Files */ = {
			isa = PBXGroup;
			children = (
				991C7E6219663631002FEFC0 /* ABFAccuracyTestApp-Info.plist */,
				991C7E6319663631002FEFC0 /* InfoPlist.strings */,
				991C7E6619663631002FEFC0 /* main.m */,
				991C7E6819663631002FEFC0 /* ABFAccuracyTestApp-Prefix.pch */,
			);
			name = "Supporting Files";
			sourceTree = "<group>";
		};
		991C7E8219663631002FEFC0 /* ABFAccuracyTestAppTests */ = {
			isa = PBXGroup;
			children = (
				991C7E8819663631002FEFC0 /* ABFAccuracyTestAppTests.m */,
				991C7E8319663631002FEFC0 /* Supporting Files */,
			);
			path = ABFAccuracyTestAppTests;
			sourceTree = "<group>";
		};
		991C7E8319663631002FEFC0 /* Supporting Files */ = {
			isa = PBXGroup;
			children = (
				991C7E8419663631002FEFC0 /* ABFAccuracyTestAppTests-Info.plist */,
				991C7E8519663631002FEFC0 /* InfoPlist.strings */,
			);
			name = "Supporting Files";
			sourceTree = "<group>";
		};
		991C7E951966375A002FEFC0 /* lib */ = {
			isa = PBXGroup;
			children = (
				991C7E961966375A002FEFC0 /* ABFBeacon */,
			);
			path = lib;
			sourceTree = "<group>";
		};
		991C7E961966375A002FEFC0 /* ABFBeacon */ = {
			isa = PBXGroup;
			children = (
				991C7E971966375A002FEFC0 /* iOS */,
				991C7E9E1966375A002FEFC0 /* README.md */,
			);
			path = ABFBeacon;
			sourceTree = "<group>";
		};
		991C7E971966375A002FEFC0 /* iOS */ = {
			isa = PBXGroup;
			children = (
				991C7E981966375A002FEFC0 /* ABFBeacon */,
				991C7E9D1966375A002FEFC0 /* LICENSE.txt */,
			);
			path = iOS;
			sourceTree = "<group>";
		};
		991C7E981966375A002FEFC0 /* ABFBeacon */ = {
			isa = PBXGroup;
			children = (
				991C7E991966375A002FEFC0 /* ABFBeacon.h */,
				991C7E9A1966375A002FEFC0 /* ABFBeacon.m */,
				991C7E9B1966375A002FEFC0 /* ABFBeaconRegion.h */,
				991C7E9C1966375A002FEFC0 /* ABFBeaconRegion.m */,
			);
			path = ABFBeacon;
			sourceTree = "<group>";
		};
/* End PBXGroup section */

/* Begin PBXNativeTarget section */
		991C7E5619663631002FEFC0 /* ABFAccuracyTestApp */ = {
			isa = PBXNativeTarget;
			buildConfigurationList = 991C7E8C19663631002FEFC0 /* Build configuration list for PBXNativeTarget "ABFAccuracyTestApp" */;
			buildPhases = (
				991C7E5319663631002FEFC0 /* Sources */,
				991C7E5419663631002FEFC0 /* Frameworks */,
				991C7E5519663631002FEFC0 /* Resources */,
			);
			buildRules = (
			);
			dependencies = (
			);
			name = ABFAccuracyTestApp;
			productName = ABFAccuracyTestApp;
			productReference = 991C7E5719663631002FEFC0 /* ABFAccuracyTestApp.app */;
			productType = "com.apple.product-type.application";
		};
		991C7E7A19663631002FEFC0 /* ABFAccuracyTestAppTests */ = {
			isa = PBXNativeTarget;
			buildConfigurationList = 991C7E8F19663631002FEFC0 /* Build configuration list for PBXNativeTarget "ABFAccuracyTestAppTests" */;
			buildPhases = (
				991C7E7719663631002FEFC0 /* Sources */,
				991C7E7819663631002FEFC0 /* Frameworks */,
				991C7E7919663631002FEFC0 /* Resources */,
			);
			buildRules = (
			);
			dependencies = (
				991C7E8119663631002FEFC0 /* PBXTargetDependency */,
			);
			name = ABFAccuracyTestAppTests;
			productName = ABFAccuracyTestAppTests;
			productReference = 991C7E7B19663631002FEFC0 /* ABFAccuracyTestAppTests.xctest */;
			productType = "com.apple.product-type.bundle.unit-test";
		};
/* End PBXNativeTarget section */

/* Begin PBXProject section */
		991C7E4F19663631002FEFC0 /* Project object */ = {
			isa = PBXProject;
			attributes = {
				CLASSPREFIX = ABF;
				LastUpgradeCheck = 0510;
				ORGANIZATIONNAME = ACCESS;
				TargetAttributes = {
					991C7E7A19663631002FEFC0 = {
						TestTargetID = 991C7E5619663631002FEFC0;
					};
				};
			};
			buildConfigurationList = 991C7E5219663631002FEFC0 /* Build configuration list for PBXProject "ABFAccuracyTestApp" */;
			compatibilityVersion = "Xcode 3.2";
			developmentRegion = English;
			hasScannedForEncodings = 0;
			knownRegions = (
				en,
				Base,
			);
			mainGroup = 991C7E4E19663631002FEFC0;
			productRefGroup = 991C7E5819663631002FEFC0 /* Products */;
			projectDirPath = "";
			projectRoot = "";
			targets = (
				991C7E5619663631002FEFC0 /* ABFAccuracyTestApp */,
				991C7E7A19663631002FEFC0 /* ABFAccuracyTestAppTests */,
			);
		};
/* End PBXProject section */

/* Begin PBXResourcesBuildPhase section */
		991C7E5519663631002FEFC0 /* Resources */ = {
			isa = PBXResourcesBuildPhase;
			buildActionMask = 2147483647;
			files = (
				991C7EA21966375A002FEFC0 /* README.md in Resources */,
				991C7E7119663631002FEFC0 /* Main_iPad.storyboard in Resources */,
				991C7E7619663631002FEFC0 /* Images.xcassets in Resources */,
				991C7E6E19663631002FEFC0 /* Main_iPhone.storyboard in Resources */,
				991C7EA11966375A002FEFC0 /* LICENSE.txt in Resources */,
				991C7E6519663631002FEFC0 /* InfoPlist.strings in Resources */,
			);
			runOnlyForDeploymentPostprocessing = 0;
		};
		991C7E7919663631002FEFC0 /* Resources */ = {
			isa = PBXResourcesBuildPhase;
			buildActionMask = 2147483647;
			files = (
				991C7E8719663631002FEFC0 /* InfoPlist.strings in Resources */,
			);
			runOnlyForDeploymentPostprocessing = 0;
		};
/* End PBXResourcesBuildPhase section */

/* Begin PBXSourcesBuildPhase section */
		991C7E5319663631002FEFC0 /* Sources */ = {
			isa = PBXSourcesBuildPhase;
			buildActionMask = 2147483647;
			files = (
				991C7E7419663631002FEFC0 /* ABFViewController.m in Sources */,
				991C7EA01966375A002FEFC0 /* ABFBeaconRegion.m in Sources */,
				991C7E9F1966375A002FEFC0 /* ABFBeacon.m in Sources */,
				991C7E6B19663631002FEFC0 /* ABFAppDelegate.m in Sources */,
				991C7E941966367D002FEFC0 /* BeaconDetectionView.m in Sources */,
				991C7E6719663631002FEFC0 /* main.m in Sources */,
			);
			runOnlyForDeploymentPostprocessing = 0;
		};
		991C7E7719663631002FEFC0 /* Sources */ = {
			isa = PBXSourcesBuildPhase;
			buildActionMask = 2147483647;
			files = (
				991C7E8919663631002FEFC0 /* ABFAccuracyTestAppTests.m in Sources */,
			);
			runOnlyForDeploymentPostprocessing = 0;
		};
/* End PBXSourcesBuildPhase section */

/* Begin PBXTargetDependency section */
		991C7E8119663631002FEFC0 /* PBXTargetDependency */ = {
			isa = PBXTargetDependency;
			target = 991C7E5619663631002FEFC0 /* ABFAccuracyTestApp */;
			targetProxy = 991C7E8019663631002FEFC0 /* PBXContainerItemProxy */;
		};
/* End PBXTargetDependency section */

/* Begin PBXVariantGroup section */
		991C7E6319663631002FEFC0 /* InfoPlist.strings */ = {
			isa = PBXVariantGroup;
			children = (
				991C7E6419663631002FEFC0 /* en */,
			);
			name = InfoPlist.strings;
			sourceTree = "<group>";
		};
		991C7E6C19663631002FEFC0 /* Main_iPhone.storyboard */ = {
			isa = PBXVariantGroup;
			children = (
				991C7E6D19663631002FEFC0 /* Base */,
			);
			name = Main_iPhone.storyboard;
			sourceTree = "<group>";
		};
		991C7E6F19663631002FEFC0 /* Main_iPad.storyboard */ = {
			isa = PBXVariantGroup;
			children = (
				991C7E7019663631002FEFC0 /* Base */,
			);
			name = Main_iPad.storyboard;
			sourceTree = "<group>";
		};
		991C7E8519663631002FEFC0 /* InfoPlist.strings */ = {
			isa = PBXVariantGroup;
			children = (
				991C7E8619663631002FEFC0 /* en */,
			);
			name = InfoPlist.strings;
			sourceTree = "<group>";
		};
/* End PBXVariantGroup section */

/* Begin XCBuildConfiguration section */
		991C7E8A19663631002FEFC0 /* Debug */ = {
			isa = XCBuildConfiguration;
			buildSettings = {
				ALWAYS_SEARCH_USER_PATHS = NO;
				CLANG_CXX_LANGUAGE_STANDARD = "gnu++0x";
				CLANG_CXX_LIBRARY = "libc++";
				CLANG_ENABLE_MODULES = YES;
				CLANG_ENABLE_OBJC_ARC = YES;
				CLANG_WARN_BOOL_CONVERSION = YES;
				CLANG_WARN_CONSTANT_CONVERSION = YES;
				CLANG_WARN_DIRECT_OBJC_ISA_USAGE = YES_ERROR;
				CLANG_WARN_EMPTY_BODY = YES;
				CLANG_WARN_ENUM_CONVERSION = YES;
				CLANG_WARN_INT_CONVERSION = YES;
				CLANG_WARN_OBJC_ROOT_CLASS = YES_ERROR;
				CLANG_WARN__DUPLICATE_METHOD_MATCH = YES;
				"CODE_SIGN_IDENTITY[sdk=iphoneos*]" = "iPhone Developer";
				COPY_PHASE_STRIP = NO;
				GCC_C_LANGUAGE_STANDARD = gnu99;
				GCC_DYNAMIC_NO_PIC = NO;
				GCC_OPTIMIZATION_LEVEL = 0;
				GCC_PREPROCESSOR_DEFINITIONS = (
					"DEBUG=1",
					"$(inherited)",
				);
				GCC_SYMBOLS_PRIVATE_EXTERN = NO;
				GCC_WARN_64_TO_32_BIT_CONVERSION = YES;
				GCC_WARN_ABOUT_RETURN_TYPE = YES_ERROR;
				GCC_WARN_UNDECLARED_SELECTOR = YES;
				GCC_WARN_UNINITIALIZED_AUTOS = YES_AGGRESSIVE;
				GCC_WARN_UNUSED_FUNCTION = YES;
				GCC_WARN_UNUSED_VARIABLE = YES;
				IPHONEOS_DEPLOYMENT_TARGET = 7.1;
				ONLY_ACTIVE_ARCH = YES;
				SDKROOT = iphoneos;
				TARGETED_DEVICE_FAMILY = "1,2";
			};
			name = Debug;
		};
		991C7E8B19663631002FEFC0 /* Release */ = {
			isa = XCBuildConfiguration;
			buildSettings = {
				ALWAYS_SEARCH_USER_PATHS = NO;
				CLANG_CXX_LANGUAGE_STANDARD = "gnu++0x";
				CLANG_CXX_LIBRARY = "libc++";
				CLANG_ENABLE_MODULES = YES;
				CLANG_ENABLE_OBJC_ARC = YES;
				CLANG_WARN_BOOL_CONVERSION = YES;
				CLANG_WARN_CONSTANT_CONVERSION = YES;
				CLANG_WARN_DIRECT_OBJC_ISA_USAGE = YES_ERROR;
				CLANG_WARN_EMPTY_BODY = YES;
				CLANG_WARN_ENUM_CONVERSION = YES;
				CLANG_WARN_INT_CONVERSION = YES;
				CLANG_WARN_OBJC_ROOT_CLASS = YES_ERROR;
				CLANG_WARN__DUPLICATE_METHOD_MATCH = YES;
				"CODE_SIGN_IDENTITY[sdk=iphoneos*]" = "iPhone Developer";
				COPY_PHASE_STRIP = YES;
				ENABLE_NS_ASSERTIONS = NO;
				GCC_C_LANGUAGE_STANDARD = gnu99;
				GCC_WARN_64_TO_32_BIT_CONVERSION = YES;
				GCC_WARN_ABOUT_RETURN_TYPE = YES_ERROR;
				GCC_WARN_UNDECLARED_SELECTOR = YES;
				GCC_WARN_UNINITIALIZED_AUTOS = YES_AGGRESSIVE;
				GCC_WARN_UNUSED_FUNCTION = YES;
				GCC_WARN_UNUSED_VARIABLE = YES;
				IPHONEOS_DEPLOYMENT_TARGET = 7.1;
				SDKROOT = iphoneos;
				TARGETED_DEVICE_FAMILY = "1,2";
				VALIDATE_PRODUCT = YES;
			};
			name = Release;
		};
		991C7E8D19663631002FEFC0 /* Debug */ = {
			isa = XCBuildConfiguration;
			buildSettings = {
				ASSETCATALOG_COMPILER_APPICON_NAME = AppIcon;
				ASSETCATALOG_COMPILER_LAUNCHIMAGE_NAME = LaunchImage;
				GCC_PRECOMPILE_PREFIX_HEADER = YES;
				GCC_PREFIX_HEADER = "ABFAccuracyTestApp/ABFAccuracyTestApp-Prefix.pch";
				INFOPLIST_FILE = "ABFAccuracyTestApp/ABFAccuracyTestApp-Info.plist";
				PRODUCT_NAME = "$(TARGET_NAME)";
				WRAPPER_EXTENSION = app;
			};
			name = Debug;
		};
		991C7E8E19663631002FEFC0 /* Release */ = {
			isa = XCBuildConfiguration;
			buildSettings = {
				ASSETCATALOG_COMPILER_APPICON_NAME = AppIcon;
				ASSETCATALOG_COMPILER_LAUNCHIMAGE_NAME = LaunchImage;
				GCC_PRECOMPILE_PREFIX_HEADER = YES;
				GCC_PREFIX_HEADER = "ABFAccuracyTestApp/ABFAccuracyTestApp-Prefix.pch";
				INFOPLIST_FILE = "ABFAccuracyTestApp/ABFAccuracyTestApp-Info.plist";
				PRODUCT_NAME = "$(TARGET_NAME)";
				WRAPPER_EXTENSION = app;
			};
			name = Release;
		};
		991C7E9019663631002FEFC0 /* Debug */ = {
			isa = XCBuildConfiguration;
			buildSettings = {
				BUNDLE_LOADER = "$(BUILT_PRODUCTS_DIR)/ABFAccuracyTestApp.app/ABFAccuracyTestApp";
				FRAMEWORK_SEARCH_PATHS = (
					"$(SDKROOT)/Developer/Library/Frameworks",
					"$(inherited)",
					"$(DEVELOPER_FRAMEWORKS_DIR)",
				);
				GCC_PRECOMPILE_PREFIX_HEADER = YES;
				GCC_PREFIX_HEADER = "ABFAccuracyTestApp/ABFAccuracyTestApp-Prefix.pch";
				GCC_PREPROCESSOR_DEFINITIONS = (
					"DEBUG=1",
					"$(inherited)",
				);
				INFOPLIST_FILE = "ABFAccuracyTestAppTests/ABFAccuracyTestAppTests-Info.plist";
				PRODUCT_NAME = "$(TARGET_NAME)";
				TEST_HOST = "$(BUNDLE_LOADER)";
				WRAPPER_EXTENSION = xctest;
			};
			name = Debug;
		};
		991C7E9119663631002FEFC0 /* Release */ = {
			isa = XCBuildConfiguration;
			buildSettings = {
				BUNDLE_LOADER = "$(BUILT_PRODUCTS_DIR)/ABFAccuracyTestApp.app/ABFAccuracyTestApp";
				FRAMEWORK_SEARCH_PATHS = (
					"$(SDKROOT)/Developer/Library/Frameworks",
					"$(inherited)",
					"$(DEVELOPER_FRAMEWORKS_DIR)",
				);
				GCC_PRECOMPILE_PREFIX_HEADER = YES;
				GCC_PREFIX_HEADER = "ABFAccuracyTestApp/ABFAccuracyTestApp-Prefix.pch";
				INFOPLIST_FILE = "ABFAccuracyTestAppTests/ABFAccuracyTestAppTests-Info.plist";
				PRODUCT_NAME = "$(TARGET_NAME)";
				TEST_HOST = "$(BUNDLE_LOADER)";
				WRAPPER_EXTENSION = xctest;
			};
			name = Release;
		};
/* End XCBuildConfiguration section */

/* Begin XCConfigurationList section */
		991C7E5219663631002FEFC0 /* Build configuration list for PBXProject "ABFAccuracyTestApp" */ = {
			isa = XCConfigurationList;
			buildConfigurations = (
				991C7E8A19663631002FEFC0 /* Debug */,
				991C7E8B19663631002FEFC0 /* Release */,
			);
			defaultConfigurationIsVisible = 0;
			defaultConfigurationName = Release;
		};
		991C7E8C19663631002FEFC0 /* Build configuration list for PBXNativeTarget "ABFAccuracyTestApp" */ = {
			isa = XCConfigurationList;
			buildConfigurations = (
				991C7E8D19663631002FEFC0 /* Debug */,
				991C7E8E19663631002FEFC0 /* Release */,
			);
			defaultConfigurationIsVisible = 0;
		};
		991C7E8F19663631002FEFC0 /* Build configuration list for PBXNativeTarget "ABFAccuracyTestAppTests" */ = {
			isa = XCConfigurationList;
			buildConfigurations = (
				991C7E9019663631002FEFC0 /* Debug */,
				991C7E9119663631002FEFC0 /* Release */,
			);
			defaultConfigurationIsVisible = 0;
		};
/* End XCConfigurationList section */
	};
	rootObject = 991C7E4F19663631002FEFC0 /* Project object */;
}
